{
  "name": "ngx-bablic",
  "version": "0.0.1",
  "lockfileVersion": 1,
  "requires": true,
  "dependencies": {
    "@angular/common": {
      "version": "11.0.2",
      "resolved": "https://registry.npmjs.org/@angular/common/-/common-11.0.2.tgz",
      "integrity": "sha512-DGJuSBDt+bF77AzJNrLzeaFGSdwQ3OjgP9UUv1eKvaxp9D+lDam8suIJMuBwTsJII/yrDndY75ENPNTEqhmB2A==",
      "dev": true,
      "requires": {
        "tslib": "^2.0.0"
      }
    },
    "@angular/core": {
      "version": "11.0.2",
      "resolved": "https://registry.npmjs.org/@angular/core/-/core-11.0.2.tgz",
      "integrity": "sha512-GyDebks5ZPHDyChDW3VvzJq00Ct0iuesNpb9z/GpKtOXqug3sGr4KgkFDUTbfizKPWyeoaLH9FQYP55215nCKQ==",
      "dev": true,
      "requires": {
        "tslib": "^2.0.0"
      }
    },
    "@ngx-translate/core": {
      "version": "13.0.0",
      "resolved": "https://registry.npmjs.org/@ngx-translate/core/-/core-13.0.0.tgz",
      "integrity": "sha512-+tzEp8wlqEnw0Gc7jtVRAJ6RteUjXw6JJR4O65KlnxOmJrCGPI0xjV/lKRnQeU0w4i96PQs/jtpL921Wrb7PWg==",
      "dev": true,
      "requires": {
        "tslib": "^2.0.0"
      }
    },
    "ng-packager": {
      "version": "1.0.0",
      "resolved": "https://registry.npmjs.org/ng-packager/-/ng-packager-1.0.0.tgz",
      "integrity": "sha512-2RfmhhJ8p6+bATKxx4Gp4KrlTqRVHyxVWLAVWKmfTXJoaJQGw/Bay/pmITDIT1oOnosKbTK+jY74ECFcwkZ/tA==",
      "dev": true
    },
    "rxjs": {
      "version": "6.6.3",
      "resolved": "https://registry.npmjs.org/rxjs/-/rxjs-6.6.3.tgz",
      "integrity": "sha512-trsQc+xYYXZ3urjOiJOuCOa5N3jAZ3eiSpQB5hIT8zGlL2QfnHLJ2r7GMkBGuIausdJN1OneaI6gQlsqNHHmZQ==",
      "dev": true,
      "requires": {
        "tslib": "^1.9.0"
      },
      "dependencies": {
        "tslib": {
          "version": "1.14.1",
          "resolved": "https://registry.npmjs.org/tslib/-/tslib-1.14.1.tgz",
          "integrity": "sha512-Xni35NKzjgMrwevysHTCArtLDpPvye8zV/0E4EyYn43P7/7qvQwPh9BGkHewbMulVntbigmcT7rdX3BNo9wRJg==",
          "dev": true
        }
      }
    },
    "tslib": {
      "version": "2.0.3",
      "resolved": "https://registry.npmjs.org/tslib/-/tslib-2.0.3.tgz",
      "integrity": "sha512-uZtkfKblCEQtZKBF6EBXVZeQNl82yqtDQdv+eck8u7tdPxjLu2/lp5/uPW+um2tpuxINHWy3GhiccY7QgEaVHQ==",
      "dev": true
    },
    "typescript": {
      "version": "4.1.2",
      "resolved": "https://registry.npmjs.org/typescript/-/typescript-4.1.2.tgz",
      "integrity": "sha512-thGloWsGH3SOxv1SoY7QojKi0tc+8FnOmiarEGMbd/lar7QOEd3hvlx3Fp5y6FlDUGl9L+pd4n2e+oToGMmhRQ==",
      "dev": true
    }
  }
}
